# This file was autogenerated by Stack.
# You should not edit this file by hand.
# For more information, please see the documentation at:
#   https://docs.haskellstack.org/en/stable/lock_files

packages:
- completed:
    hackage: ssh-tunnel-1.0.0.0@sha256:a91ed6a37612a4985e3ab6db1b65294c274d5bc4a77a70958332922daeb0069a,1268
    pantry-tree:
      size: 268
      sha256: 732dc7449ccc9856401566264619e1a2bf84f80827b8e1ddd6c83e4fb0055dc2
  original:
    hackage: ssh-tunnel-1.0.0.0@sha256:a91ed6a37612a4985e3ab6db1b65294c274d5bc4a77a70958332922daeb0069a,1268
snapshots:
- completed:
    size: 524789
    url: https://raw.githubusercontent.com/commercialhaskell/stackage-snapshots/master/lts/14/18.yaml
    sha256: 646be71223e08234131c6989912e6011e01b9767bc447b6d466a35e14360bdf2
  original: lts-14.18
